<<<<<<< HEAD
hash: fa5adea36a6205cd9c044a9f5be3028655687bae161c14fea83e0558e36fb1e5
updated: 2017-09-22T12:57:41.808723375-04:00
=======
hash: d96359edb60ea24d5d8c8d995b4be3140a1083ffaf37e33fea2786d764078e70
updated: 2018-02-12T09:39:25.888283-08:00
>>>>>>> bogrod-pqdev
imports:
- name: github.com/agl/ed25519
  version: 278e1ec8e8a6e017cd07577924d6766039146ced
  subpackages:
  - edwards25519
- name: github.com/boltdb/bolt
  version: 2f1ce7a837dcb8da3ec595b1dac9d0632f0f99e8
- name: github.com/btcsuite/btclog
  version: 84c8d2346e9fc8c7b947e243b9c24e6df9fd206a
- name: github.com/btcsuite/go-socks
  version: 4720035b7bfd2a9bb130b1c184f8bbe41b6f0d0f
  subpackages:
  - socks
- name: github.com/btcsuite/websocket
  version: 31079b6807923eb23992c421b114992b95131b55
- name: github.com/dchest/blake256
  version: dee3fe6eb0e98dc774a94fc231f85baf7c29d360
- name: github.com/decred/bitset
  version: 484b833245d5f9046e2893a6bd2e54b1df3a53a4
- name: github.com/decred/dcrd
<<<<<<< HEAD
  version: 1500e972e2b0f0a687bc83308c868708ca5f7c16
=======
  version: 4709b71041c8f43db179c3184431d11b642ff2fd
  repo: git@github.com:hybridnetwork/hxd
>>>>>>> bogrod-pqdev
  subpackages:
  - blockchain
  - blockchain/indexers
  - blockchain/internal/dbnamespace
  - blockchain/internal/progresslog
  - blockchain/stake
  - blockchain/stake/internal/dbnamespace
  - blockchain/stake/internal/ticketdb
  - blockchain/stake/internal/tickettreap
  - chaincfg
  - chaincfg/chainec
  - chaincfg/chainhash
  - crypto
  - crypto/bliss
  - database
  - dcrec/edwards
  - dcrec/secp256k1
  - dcrec/secp256k1/schnorr
  - dcrjson
  - mempool
  - mining
  - txscript
  - wire
- name: github.com/decred/dcrrpcclient
<<<<<<< HEAD
  version: bd992834efae9f8a81842221a634f4af22b77a0f
- name: github.com/decred/dcrutil
  version: ddbde93f65ab0692e54ed8a5ad325fa2e8af4daa
=======
  version: 0a7aad955071bdb370b51241921bc5b33ef98e07
  repo: git@github.com:hybridnetwork/hxrpcclient
- name: github.com/decred/dcrutil
  version: 2b17f77942ebf011524d214add76ade79e722d4d
  repo: git@github.com:hybridnetwork/hxutil
>>>>>>> bogrod-pqdev
  subpackages:
  - base58
  - hdkeychain
- name: github.com/golang/protobuf
  version: 5a0f697c9ed9d68fef0116532c6e05cfeae00e55
  subpackages:
  - proto
  - ptypes
  - ptypes/any
  - ptypes/duration
  - ptypes/timestamp
- name: github.com/hybridnetwork/bliss
  version: c8db82ca164de7f42f68de1bf1bc8e83f7589ba0
  subpackages:
  - huffman
  - params
  - poly
  - sampler
- name: github.com/jessevdk/go-flags
  version: 96dc06278ce32a0e9d957d590bb987c81ee66407
- name: github.com/jrick/logrotate
  version: a93b200c26cbae3bb09dd0dc2c7c7fe1468a034a
  subpackages:
  - rotator
- name: golang.org/x/crypto
<<<<<<< HEAD
  version: 7d9177d70076375b9a59c8fde23d52d9c4a7ecd5
=======
  version: 9de5f2eaf759b4c4550b3db39fed2e9e5f86f45c
>>>>>>> bogrod-pqdev
  subpackages:
  - nacl/secretbox
  - pbkdf2
  - poly1305
  - ripemd160
  - salsa20/salsa
  - scrypt
  - sha3
  - ssh/terminal
- name: golang.org/x/net
  version: b60f3a92103dfd93dfcb900ec77c6d0643510868
  subpackages:
  - context
  - http2
  - http2/hpack
  - idna
  - internal/timeseries
  - lex/httplex
  - trace
- name: golang.org/x/sync
  version: f52d1811a62927559de87708c8913c1650ce4f26
  subpackages:
  - errgroup
- name: golang.org/x/sys
  version: b6e1ae21643682ce023deb8d152024597b0e9bb4
  subpackages:
  - unix
  - windows
- name: golang.org/x/text
  version: 1cbadb444a806fd9430d14ad08967ed91da4fa0a
  subpackages:
  - secure/bidirule
  - transform
  - unicode/bidi
  - unicode/norm
- name: google.golang.org/genproto
  version: aa2eb687b4d3e17154372564ad8d6bf11c3cf21f
  subpackages:
  - googleapis/rpc/status
- name: google.golang.org/grpc
  version: 6b51017f791ae1cfbec89c52efdf444b13b550ef
  subpackages:
  - balancer
  - balancer/base
  - balancer/roundrobin
  - codes
  - connectivity
  - credentials
  - encoding
  - grpclb/grpc_lb_v1/messages
  - grpclog
  - internal
  - keepalive
  - metadata
  - naming
  - peer
  - resolver
  - resolver/dns
  - resolver/passthrough
  - stats
  - status
  - tap
  - transport
testImports:
- name: github.com/davecgh/go-spew
<<<<<<< HEAD
  version: a476722483882dd40b8111f0eb64e1d7f43f56e4
=======
  version: 04cdfd42973bb9c8589fd6a731800cf222fde1a9
>>>>>>> bogrod-pqdev
  subpackages:
  - spew
- name: github.com/pmezard/go-difflib
  version: d8ed2627bdf02c080bf22230dbb337003b7aba2d
  subpackages:
  - difflib
- name: github.com/stretchr/testify
  version: f6abca593680b2315d2075e0f5e2a9751e3f431a
  subpackages:
  - assert
